
Microsoft Visual Studio Solution File, Format Version 12.00
# Visual Studio 15
VisualStudioVersion = 15.0.26228.4
MinimumVisualStudioVersion = 10.0.40219.1
Project("{2150E333-8FDC-42A3-9474-1A3956D46DE8}") = "数组", "数组", "{042E547C-1E44-49A4-A34A-E8BEAB90E417}"
EndProject
Project("{FAE04EC0-301F-11D3-BF4B-00C04F79EFBC}") = "从排序数组中删除重复项", "从排序数组中删除重复项\从排序数组中删除重复项.csproj", "{12A71F1C-CA89-46E6-A84F-FBE200F99CC8}"
EndProject
Project("{2150E333-8FDC-42A3-9474-1A3956D46DE8}") = "Traning", "Traning", "{CA7DE57D-F1F3-463E-AF6C-A4A3D1FD13ED}"
EndProject
Project("{2150E333-8FDC-42A3-9474-1A3956D46DE8}") = "02AddTwoNumbers", "02AddTwoNumbers", "{7BBD2868-B80F-4A9F-A959-9BAD860FA27B}"
EndProject
Project("{FAE04EC0-301F-11D3-BF4B-00C04F79EFBC}") = "AddTwoNumber", "AddTwoNumber\AddTwoNumber.csproj", "{B7AB3BAF-EED2-414B-8B4D-6059ACE4DB7C}"
EndProject
Project("{FAE04EC0-301F-11D3-BF4B-00C04F79EFBC}") = "旋转数组", "旋转数组\旋转数组.csproj", "{0961AEC0-CE6A-40B3-9F1D-99E001959338}"
EndProject
Global
	GlobalSection(SolutionConfigurationPlatforms) = preSolution
		Debug|Any CPU = Debug|Any CPU
		Release|Any CPU = Release|Any CPU
	EndGlobalSection
	GlobalSection(ProjectConfigurationPlatforms) = postSolution
		{12A71F1C-CA89-46E6-A84F-FBE200F99CC8}.Debug|Any CPU.ActiveCfg = Debug|Any CPU
		{12A71F1C-CA89-46E6-A84F-FBE200F99CC8}.Debug|Any CPU.Build.0 = Debug|Any CPU
		{12A71F1C-CA89-46E6-A84F-FBE200F99CC8}.Release|Any CPU.ActiveCfg = Release|Any CPU
		{12A71F1C-CA89-46E6-A84F-FBE200F99CC8}.Release|Any CPU.Build.0 = Release|Any CPU
		{B7AB3BAF-EED2-414B-8B4D-6059ACE4DB7C}.Debug|Any CPU.ActiveCfg = Debug|Any CPU
		{B7AB3BAF-EED2-414B-8B4D-6059ACE4DB7C}.Debug|Any CPU.Build.0 = Debug|Any CPU
		{B7AB3BAF-EED2-414B-8B4D-6059ACE4DB7C}.Release|Any CPU.ActiveCfg = Release|Any CPU
		{B7AB3BAF-EED2-414B-8B4D-6059ACE4DB7C}.Release|Any CPU.Build.0 = Release|Any CPU
		{0961AEC0-CE6A-40B3-9F1D-99E001959338}.Debug|Any CPU.ActiveCfg = Debug|Any CPU
		{0961AEC0-CE6A-40B3-9F1D-99E001959338}.Debug|Any CPU.Build.0 = Debug|Any CPU
		{0961AEC0-CE6A-40B3-9F1D-99E001959338}.Release|Any CPU.ActiveCfg = Release|Any CPU
		{0961AEC0-CE6A-40B3-9F1D-99E001959338}.Release|Any CPU.Build.0 = Release|Any CPU
	EndGlobalSection
	GlobalSection(SolutionProperties) = preSolution
		HideSolutionNode = FALSE
	EndGlobalSection
	GlobalSection(NestedProjects) = preSolution
		{12A71F1C-CA89-46E6-A84F-FBE200F99CC8} = {042E547C-1E44-49A4-A34A-E8BEAB90E417}
		{7BBD2868-B80F-4A9F-A959-9BAD860FA27B} = {CA7DE57D-F1F3-463E-AF6C-A4A3D1FD13ED}
		{B7AB3BAF-EED2-414B-8B4D-6059ACE4DB7C} = {7BBD2868-B80F-4A9F-A959-9BAD860FA27B}
		{0961AEC0-CE6A-40B3-9F1D-99E001959338} = {042E547C-1E44-49A4-A34A-E8BEAB90E417}
	EndGlobalSection
EndGlobal
